
Microsoft Visual Studio Solution File, Format Version 12.00
# Visual Studio Version 16
VisualStudioVersion = 16.0.31424.327
MinimumVisualStudioVersion = 10.0.40219.1
Project("{FAE04EC0-301F-11D3-BF4B-00C04F79EFBC}") = "FFBM", "FFBM\FFBM.csproj", "{B972F779-B274-4A31-86B7-66E468056B4B}"
EndProject
Global
	GlobalSection(SolutionConfigurationPlatforms) = preSolution
		Debug|Any CPU = Debug|Any CPU
		Release|Any CPU = Release|Any CPU
	EndGlobalSection
	GlobalSection(ProjectConfigurationPlatforms) = postSolution
		{B972F779-B274-4A31-86B7-66E468056B4B}.Debug|Any CPU.ActiveCfg = Debug|Any CPU
		{B972F779-B274-4A31-86B7-66E468056B4B}.Debug|Any CPU.Build.0 = Debug|Any CPU
		{B972F779-B274-4A31-86B7-66E468056B4B}.Release|Any CPU.ActiveCfg = Release|Any CPU
		{B972F779-B274-4A31-86B7-66E468056B4B}.Release|Any CPU.Build.0 = Release|Any CPU
	EndGlobalSection
	GlobalSection(SolutionProperties) = preSolution
		HideSolutionNode = FALSE
	EndGlobalSection
	GlobalSection(ExtensibilityGlobals) = postSolution
		SolutionGuid = {D8836630-9B5F-4B1D-8386-E16156A2552C}
	EndGlobalSection
EndGlobal
